
Microsoft Visual Studio Solution File, Format Version 12.00
# Visual Studio 2013
VisualStudioVersion = 12.0.30723.0
MinimumVisualStudioVersion = 10.0.40219.1
Project("{8BC9CEB8-8B4A-11D0-8D11-00A0C91BC942}") = "SketchSurfaceMaker", "Cycle-Discovery\SketchSurfaceMaker.vcxproj", "{13BA97C2-8BBE-4163-854C-CB7925C24775}"
EndProject
Project("{8BC9CEB8-8B4A-11D0-8D11-00A0C91BC942}") = "DrT", "libs\MWT_v5\DrT.vcxproj", "{375C4874-D3E7-4A08-8DED-1861C4A2EA09}"
EndProject
Global
	GlobalSection(SolutionConfigurationPlatforms) = preSolution
		Debug|Win32 = Debug|Win32
		Release|Win32 = Release|Win32
	EndGlobalSection
	GlobalSection(ProjectConfigurationPlatforms) = postSolution
		{13BA97C2-8BBE-4163-854C-CB7925C24775}.Debug|Win32.ActiveCfg = Debug|Win32
		{13BA97C2-8BBE-4163-854C-CB7925C24775}.Debug|Win32.Build.0 = Debug|Win32
		{13BA97C2-8BBE-4163-854C-CB7925C24775}.Release|Win32.ActiveCfg = Release|Win32
		{13BA97C2-8BBE-4163-854C-CB7925C24775}.Release|Win32.Build.0 = Release|Win32
		{375C4874-D3E7-4A08-8DED-1861C4A2EA09}.Debug|Win32.ActiveCfg = Debug|Win32
		{375C4874-D3E7-4A08-8DED-1861C4A2EA09}.Debug|Win32.Build.0 = Debug|Win32
		{375C4874-D3E7-4A08-8DED-1861C4A2EA09}.Release|Win32.ActiveCfg = Release|Win32
		{375C4874-D3E7-4A08-8DED-1861C4A2EA09}.Release|Win32.Build.0 = Release|Win32
	EndGlobalSection
	GlobalSection(SolutionProperties) = preSolution
		HideSolutionNode = FALSE
	EndGlobalSection
EndGlobal
